<?xml version="1.0" encoding="utf-8"?>
<Project ToolsVersion="4.0" xmlns="http://schemas.microsoft.com/developer/msbuild/2003">
  <ItemGroup>
    <ClCompile Include="..\..\..\common\AudioIO.cpp">
      <Filter>Sources</Filter>
    </ClCompile>
    <ClCompile Include="..\..\..\common\MainUI.cpp">
      <Filter>Sources</Filter>
    </ClCompile>
    <ClCompile Include="..\..\..\common\UIPlaybar.cpp">
      <Filter>Sources</Filter>
    </ClCompile>
    <ClCompile Include="..\..\..\common\SimpleAudioPlayer.cpp">
      <Filter>Sources</Filter>
    </ClCompile>
  </ItemGroup>
  <ItemGroup>
    <ClInclude Include="..\..\..\common\AudioIO.h">
      <Filter>Headers</Filter>
    </ClInclude>
    <ClInclude Include="..\..\..\common\MainUI.h">
      <Filter>Headers</Filter>
    </ClInclude>
    <ClInclude Include="..\..\..\common\UIPlaybar.h">
      <Filter>Headers</Filter>
    </ClInclude>
    <ClInclude Include="..\..\..\common\SimpleAudioPlayer.h">
      <Filter>Headers</Filter>
    </ClInclude>
  </ItemGroup>
  <ItemGroup>
    <Filter Include="Headers">
      <UniqueIdentifier>{72ef2fad-453d-42d3-968c-973be34dfdef}</UniqueIdentifier>
    </Filter>
    <Filter Include="Sources">
      <UniqueIdentifier>{a475f038-4f35-4325-b9ef-f45d2bd91311}</UniqueIdentifier>
    </Filter>
  </ItemGroup>
</Project>